// !$*UTF8*$!
{
	archiveVersion = 1;
	classes = {
	};
	objectVersion = 50;
	objects = {

/* Begin PBXBuildFile section */
		088EF4CAC78AA245421CF7C3 /* Pods_NoStoryBoardTwitterApp.framework in Frameworks */ = {isa = PBXBuildFile; fileRef = 7EF50B0D2BE726394BA12C89 /* Pods_NoStoryBoardTwitterApp.framework */; };
		9EEA71556CC6137EF1338736 /* Extensions.swift in Sources */ = {isa = PBXBuildFile; fileRef = 9EEA789AFAF607DAEEE540F6 /* Extensions.swift */; };
		9EEA72AE745B3E7ED4CFD80A /* ConstantStrs.swift in Sources */ = {isa = PBXBuildFile; fileRef = 9EEA7B39FAC12054AF339641 /* ConstantStrs.swift */; };
		9EEA736541C5D9EEEDE73B27 /* DictKeys.swift in Sources */ = {isa = PBXBuildFile; fileRef = 9EEA762EA5012E56A78DD328 /* DictKeys.swift */; };
		9EEA74E6188EB2FDFA7311F1 /* MainTabController.swift in Sources */ = {isa = PBXBuildFile; fileRef = 9EEA731B53AD919FC90BD62A /* MainTabController.swift */; };
		9EEA77FA026CDC26212A8681 /* ConvoViewController.swift in Sources */ = {isa = PBXBuildFile; fileRef = 9EEA7BA11585FEFC93E4DED5 /* ConvoViewController.swift */; };
		9EEA780654506AE9BADCB3D2 /* NotificationViewController.swift in Sources */ = {isa = PBXBuildFile; fileRef = 9EEA7811859BB2917ED51146 /* NotificationViewController.swift */; };
		9EEA7923AEDFD4D9D1FD7AB8 /* RegistrationViewController.swift in Sources */ = {isa = PBXBuildFile; fileRef = 9EEA77E8B1947435FED772B8 /* RegistrationViewController.swift */; };
		9EEA7A677B8A4E5362F972C3 /* FeedViewController.swift in Sources */ = {isa = PBXBuildFile; fileRef = 9EEA762E949774048CD62539 /* FeedViewController.swift */; };
		9EEA7B0313C84E117BFB9A8C /* Utilities.swift in Sources */ = {isa = PBXBuildFile; fileRef = 9EEA7BBA700844B4732225CF /* Utilities.swift */; };
		9EEA7BA905473597A79587BA /* ExploreViewController.swift in Sources */ = {isa = PBXBuildFile; fileRef = 9EEA7962157E5D81AA2224E6 /* ExploreViewController.swift */; };
		9EEA7BD89A2718B61CB0E9CD /* LoginViewController.swift in Sources */ = {isa = PBXBuildFile; fileRef = 9EEA7C853017A97191BC5C46 /* LoginViewController.swift */; };
		AB1CB041248D7685006F76C8 /* GoogleService-Info.plist in Resources */ = {isa = PBXBuildFile; fileRef = AB1CB040248D7685006F76C8 /* GoogleService-Info.plist */; };
		ABB981E2248AE89400AF2C88 /* AppDelegate.swift in Sources */ = {isa = PBXBuildFile; fileRef = ABB981E1248AE89400AF2C88 /* AppDelegate.swift */; };
		ABB981E4248AE89400AF2C88 /* SceneDelegate.swift in Sources */ = {isa = PBXBuildFile; fileRef = ABB981E3248AE89400AF2C88 /* SceneDelegate.swift */; };
		ABB981E9248AE89400AF2C88 /* Main.storyboard in Resources */ = {isa = PBXBuildFile; fileRef = ABB981E7248AE89400AF2C88 /* Main.storyboard */; };
		ABB981EB248AE89600AF2C88 /* Assets.xcassets in Resources */ = {isa = PBXBuildFile; fileRef = ABB981EA248AE89600AF2C88 /* Assets.xcassets */; };
		ABB981EE248AE89600AF2C88 /* LaunchScreen.storyboard in Resources */ = {isa = PBXBuildFile; fileRef = ABB981EC248AE89600AF2C88 /* LaunchScreen.storyboard */; };
		ABB981FE248AE9AF00AF2C88 /* MyTools.swift in Sources */ = {isa = PBXBuildFile; fileRef = ABB981FD248AE9AF00AF2C88 /* MyTools.swift */; };
/* End PBXBuildFile section */

/* Begin PBXFileReference section */
		4F152B533CF300042934D4F7 /* Pods-NoStoryBoardTwitterApp.release.xcconfig */ = {isa = PBXFileReference; includeInIndex = 1; lastKnownFileType = text.xcconfig; name = "Pods-NoStoryBoardTwitterApp.release.xcconfig"; path = "Target Support Files/Pods-NoStoryBoardTwitterApp/Pods-NoStoryBoardTwitterApp.release.xcconfig"; sourceTree = "<group>"; };
		6244A41D6F810C57040F3152 /* Pods-NoStoryBoardTwitterApp.debug.xcconfig */ = {isa = PBXFileReference; includeInIndex = 1; lastKnownFileType = text.xcconfig; name = "Pods-NoStoryBoardTwitterApp.debug.xcconfig"; path = "Target Support Files/Pods-NoStoryBoardTwitterApp/Pods-NoStoryBoardTwitterApp.debug.xcconfig"; sourceTree = "<group>"; };
		7EF50B0D2BE726394BA12C89 /* Pods_NoStoryBoardTwitterApp.framework */ = {isa = PBXFileReference; explicitFileType = wrapper.framework; includeInIndex = 0; path = Pods_NoStoryBoardTwitterApp.framework; sourceTree = BUILT_PRODUCTS_DIR; };
		9EEA731B53AD919FC90BD62A /* MainTabController.swift */ = {isa = PBXFileReference; fileEncoding = 4; lastKnownFileType = sourcecode.swift; path = MainTabController.swift; sourceTree = "<group>"; };
		9EEA762E949774048CD62539 /* FeedViewController.swift */ = {isa = PBXFileReference; fileEncoding = 4; lastKnownFileType = sourcecode.swift; path = FeedViewController.swift; sourceTree = "<group>"; };
		9EEA762EA5012E56A78DD328 /* DictKeys.swift */ = {isa = PBXFileReference; fileEncoding = 4; lastKnownFileType = sourcecode.swift; path = DictKeys.swift; sourceTree = "<group>"; };
		9EEA77E8B1947435FED772B8 /* RegistrationViewController.swift */ = {isa = PBXFileReference; fileEncoding = 4; lastKnownFileType = sourcecode.swift; path = RegistrationViewController.swift; sourceTree = "<group>"; };
		9EEA7811859BB2917ED51146 /* NotificationViewController.swift */ = {isa = PBXFileReference; fileEncoding = 4; lastKnownFileType = sourcecode.swift; path = NotificationViewController.swift; sourceTree = "<group>"; };
		9EEA789AFAF607DAEEE540F6 /* Extensions.swift */ = {isa = PBXFileReference; fileEncoding = 4; lastKnownFileType = sourcecode.swift; path = Extensions.swift; sourceTree = "<group>"; };
		9EEA7962157E5D81AA2224E6 /* ExploreViewController.swift */ = {isa = PBXFileReference; fileEncoding = 4; lastKnownFileType = sourcecode.swift; path = ExploreViewController.swift; sourceTree = "<group>"; };
		9EEA7B39FAC12054AF339641 /* ConstantStrs.swift */ = {isa = PBXFileReference; fileEncoding = 4; lastKnownFileType = sourcecode.swift; path = ConstantStrs.swift; sourceTree = "<group>"; };
		9EEA7BA11585FEFC93E4DED5 /* ConvoViewController.swift */ = {isa = PBXFileReference; fileEncoding = 4; lastKnownFileType = sourcecode.swift; path = ConvoViewController.swift; sourceTree = "<group>"; };
		9EEA7BBA700844B4732225CF /* Utilities.swift */ = {isa = PBXFileReference; fileEncoding = 4; lastKnownFileType = sourcecode.swift; path = Utilities.swift; sourceTree = "<group>"; };
		9EEA7C853017A97191BC5C46 /* LoginViewController.swift */ = {isa = PBXFileReference; fileEncoding = 4; lastKnownFileType = sourcecode.swift; path = LoginViewController.swift; sourceTree = "<group>"; };
		AB1CB040248D7685006F76C8 /* GoogleService-Info.plist */ = {isa = PBXFileReference; lastKnownFileType = text.plist; path = "GoogleService-Info.plist"; sourceTree = SOURCE_ROOT; };
		ABB981DE248AE89400AF2C88 /* NoStoryBoardTwitterApp.app */ = {isa = PBXFileReference; explicitFileType = wrapper.application; includeInIndex = 0; path = NoStoryBoardTwitterApp.app; sourceTree = BUILT_PRODUCTS_DIR; };
		ABB981E1248AE89400AF2C88 /* AppDelegate.swift */ = {isa = PBXFileReference; lastKnownFileType = sourcecode.swift; path = AppDelegate.swift; sourceTree = "<group>"; };
		ABB981E3248AE89400AF2C88 /* SceneDelegate.swift */ = {isa = PBXFileReference; lastKnownFileType = sourcecode.swift; path = SceneDelegate.swift; sourceTree = "<group>"; };
		ABB981E8248AE89400AF2C88 /* Base */ = {isa = PBXFileReference; lastKnownFileType = file.storyboard; name = Base; path = Base.lproj/Main.storyboard; sourceTree = "<group>"; };
		ABB981EA248AE89600AF2C88 /* Assets.xcassets */ = {isa = PBXFileReference; lastKnownFileType = folder.assetcatalog; path = Assets.xcassets; sourceTree = "<group>"; };
		ABB981ED248AE89600AF2C88 /* Base */ = {isa = PBXFileReference; lastKnownFileType = file.storyboard; name = Base; path = Base.lproj/LaunchScreen.storyboard; sourceTree = "<group>"; };
		ABB981EF248AE89600AF2C88 /* Info.plist */ = {isa = PBXFileReference; lastKnownFileType = text.plist.xml; path = Info.plist; sourceTree = "<group>"; };
		ABB981FD248AE9AF00AF2C88 /* MyTools.swift */ = {isa = PBXFileReference; lastKnownFileType = sourcecode.swift; path = MyTools.swift; sourceTree = "<group>"; };
/* End PBXFileReference section */

/* Begin PBXFrameworksBuildPhase section */
		ABB981DB248AE89400AF2C88 /* Frameworks */ = {
			isa = PBXFrameworksBuildPhase;
			buildActionMask = 2147483647;
			files = (
				088EF4CAC78AA245421CF7C3 /* Pods_NoStoryBoardTwitterApp.framework in Frameworks */,
			);
			runOnlyForDeploymentPostprocessing = 0;
		};
/* End PBXFrameworksBuildPhase section */

/* Begin PBXGroup section */
		60B0462B11E6C707FED05C32 /* Frameworks */ = {
			isa = PBXGroup;
			children = (
				7EF50B0D2BE726394BA12C89 /* Pods_NoStoryBoardTwitterApp.framework */,
			);
			name = Frameworks;
			sourceTree = "<group>";
		};
		9EEA72FE102AE6CEB9C3F309 /* Authentication */ = {
			isa = PBXGroup;
			children = (
				9EEA7C853017A97191BC5C46 /* LoginViewController.swift */,
				9EEA77E8B1947435FED772B8 /* RegistrationViewController.swift */,
			);
			path = Authentication;
			sourceTree = "<group>";
		};
		9EEA7DD7BFA832D448076419 /* ModelController */ = {
			isa = PBXGroup;
			children = (
				9EEA731B53AD919FC90BD62A /* MainTabController.swift */,
			);
			path = ModelController;
			sourceTree = "<group>";
		};
		9EEA7E2B7B9211F5D2ECBAFA /* ViewControllers */ = {
			isa = PBXGroup;
			children = (
				9EEA762E949774048CD62539 /* FeedViewController.swift */,
				9EEA7962157E5D81AA2224E6 /* ExploreViewController.swift */,
				9EEA7811859BB2917ED51146 /* NotificationViewController.swift */,
				9EEA7BA11585FEFC93E4DED5 /* ConvoViewController.swift */,
			);
			path = ViewControllers;
			sourceTree = "<group>";
		};
		A6B7FF8EE4665F45542187E7 /* Pods */ = {
			isa = PBXGroup;
			children = (
				6244A41D6F810C57040F3152 /* Pods-NoStoryBoardTwitterApp.debug.xcconfig */,
				4F152B533CF300042934D4F7 /* Pods-NoStoryBoardTwitterApp.release.xcconfig */,
			);
			name = Pods;
			path = Pods;
			sourceTree = "<group>";
		};
		ABB981D5248AE89400AF2C88 = {
			isa = PBXGroup;
			children = (
				ABB981E0248AE89400AF2C88 /* NoStoryBoardTwitterApp */,
				ABB981DF248AE89400AF2C88 /* Products */,
				A6B7FF8EE4665F45542187E7 /* Pods */,
				60B0462B11E6C707FED05C32 /* Frameworks */,
			);
			sourceTree = "<group>";
		};
		ABB981DF248AE89400AF2C88 /* Products */ = {
			isa = PBXGroup;
			children = (
				ABB981DE248AE89400AF2C88 /* NoStoryBoardTwitterApp.app */,
			);
			name = Products;
			sourceTree = "<group>";
		};
		ABB981E0248AE89400AF2C88 /* NoStoryBoardTwitterApp */ = {
			isa = PBXGroup;
			children = (
				ABB981FA248AE8DC00AF2C88 /* Models */,
				ABB981F9248AE8DB00AF2C88 /* Views */,
				ABB981F8248AE8D900AF2C88 /* ViewModels */,
				ABB981F7248AE8D700AF2C88 /* Controllers */,
				ABB981F6248AE8D500AF2C88 /* API */,
				ABB981F5248AE8D200AF2C88 /* Utils */,
				ABB981FB248AE8EE00AF2C88 /* Res */,
			);
			path = NoStoryBoardTwitterApp;
			sourceTree = "<group>";
		};
		ABB981F5248AE8D200AF2C88 /* Utils */ = {
			isa = PBXGroup;
			children = (
				ABB981FD248AE9AF00AF2C88 /* MyTools.swift */,
				9EEA789AFAF607DAEEE540F6 /* Extensions.swift */,
				9EEA7BBA700844B4732225CF /* Utilities.swift */,
			);
			path = Utils;
			sourceTree = "<group>";
		};
		ABB981F6248AE8D500AF2C88 /* API */ = {
			isa = PBXGroup;
			children = (
			);
			path = API;
			sourceTree = "<group>";
		};
		ABB981F7248AE8D700AF2C88 /* Controllers */ = {
			isa = PBXGroup;
			children = (
				9EEA7DD7BFA832D448076419 /* ModelController */,
				9EEA7E2B7B9211F5D2ECBAFA /* ViewControllers */,
				9EEA72FE102AE6CEB9C3F309 /* Authentication */,
			);
			path = Controllers;
			sourceTree = "<group>";
		};
		ABB981F8248AE8D900AF2C88 /* ViewModels */ = {
			isa = PBXGroup;
			children = (
			);
			path = ViewModels;
			sourceTree = "<group>";
		};
		ABB981F9248AE8DB00AF2C88 /* Views */ = {
			isa = PBXGroup;
			children = (
				ABB981FC248AE91E00AF2C88 /* Storyboards */,
			);
			path = Views;
			sourceTree = "<group>";
		};
		ABB981FA248AE8DC00AF2C88 /* Models */ = {
			isa = PBXGroup;
			children = (
				9EEA7B39FAC12054AF339641 /* ConstantStrs.swift */,
				9EEA762EA5012E56A78DD328 /* DictKeys.swift */,
			);
			path = Models;
			sourceTree = "<group>";
		};
		ABB981FB248AE8EE00AF2C88 /* Res */ = {
			isa = PBXGroup;
			children = (
				AB1CB040248D7685006F76C8 /* GoogleService-Info.plist */,
				ABB981E1248AE89400AF2C88 /* AppDelegate.swift */,
				ABB981E3248AE89400AF2C88 /* SceneDelegate.swift */,
				ABB981EA248AE89600AF2C88 /* Assets.xcassets */,
				ABB981EF248AE89600AF2C88 /* Info.plist */,
			);
			path = Res;
			sourceTree = "<group>";
		};
		ABB981FC248AE91E00AF2C88 /* Storyboards */ = {
			isa = PBXGroup;
			children = (
				ABB981E7248AE89400AF2C88 /* Main.storyboard */,
				ABB981EC248AE89600AF2C88 /* LaunchScreen.storyboard */,
			);
			path = Storyboards;
			sourceTree = "<group>";
		};
/* End PBXGroup section */

/* Begin PBXNativeTarget section */
		ABB981DD248AE89400AF2C88 /* NoStoryBoardTwitterApp */ = {
			isa = PBXNativeTarget;
			buildConfigurationList = ABB981F2248AE89600AF2C88 /* Build configuration list for PBXNativeTarget "NoStoryBoardTwitterApp" */;
			buildPhases = (
				235DB5B6C4248BF77EC1E835 /* [CP] Check Pods Manifest.lock */,
				ABB981DA248AE89400AF2C88 /* Sources */,
				ABB981DB248AE89400AF2C88 /* Frameworks */,
				ABB981DC248AE89400AF2C88 /* Resources */,
				59E374072C71755A0A38285F /* [CP] Embed Pods Frameworks */,
			);
			buildRules = (
			);
			dependencies = (
			);
			name = NoStoryBoardTwitterApp;
			productName = NoStoryBoardTwitterApp;
			productReference = ABB981DE248AE89400AF2C88 /* NoStoryBoardTwitterApp.app */;
			productType = "com.apple.product-type.application";
		};
/* End PBXNativeTarget section */

/* Begin PBXProject section */
		ABB981D6248AE89400AF2C88 /* Project object */ = {
			isa = PBXProject;
			attributes = {
				LastSwiftUpdateCheck = 1150;
				LastUpgradeCheck = 1150;
				ORGANIZATIONNAME = "Jose Martinez";
				TargetAttributes = {
					ABB981DD248AE89400AF2C88 = {
						CreatedOnToolsVersion = 11.5;
					};
				};
			};
			buildConfigurationList = ABB981D9248AE89400AF2C88 /* Build configuration list for PBXProject "NoStoryBoardTwitterApp" */;
			compatibilityVersion = "Xcode 9.3";
			developmentRegion = en;
			hasScannedForEncodings = 0;
			knownRegions = (
				en,
				Base,
			);
			mainGroup = ABB981D5248AE89400AF2C88;
			productRefGroup = ABB981DF248AE89400AF2C88 /* Products */;
			projectDirPath = "";
			projectRoot = "";
			targets = (
				ABB981DD248AE89400AF2C88 /* NoStoryBoardTwitterApp */,
			);
		};
/* End PBXProject section */

/* Begin PBXResourcesBuildPhase section */
		ABB981DC248AE89400AF2C88 /* Resources */ = {
			isa = PBXResourcesBuildPhase;
			buildActionMask = 2147483647;
			files = (
				ABB981EE248AE89600AF2C88 /* LaunchScreen.storyboard in Resources */,
				AB1CB041248D7685006F76C8 /* GoogleService-Info.plist in Resources */,
				ABB981EB248AE89600AF2C88 /* Assets.xcassets in Resources */,
				ABB981E9248AE89400AF2C88 /* Main.storyboard in Resources */,
			);
			runOnlyForDeploymentPostprocessing = 0;
		};
/* End PBXResourcesBuildPhase section */

/* Begin PBXShellScriptBuildPhase section */
		235DB5B6C4248BF77EC1E835 /* [CP] Check Pods Manifest.lock */ = {
			isa = PBXShellScriptBuildPhase;
			buildActionMask = 2147483647;
			files = (
			);
			inputFileListPaths = (
			);
			inputPaths = (
				"${PODS_PODFILE_DIR_PATH}/Podfile.lock",
				"${PODS_ROOT}/Manifest.lock",
			);
			name = "[CP] Check Pods Manifest.lock";
			outputFileListPaths = (
			);
			outputPaths = (
				"$(DERIVED_FILE_DIR)/Pods-NoStoryBoardTwitterApp-checkManifestLockResult.txt",
			);
			runOnlyForDeploymentPostprocessing = 0;
			shellPath = /bin/sh;
			shellScript = "diff \"${PODS_PODFILE_DIR_PATH}/Podfile.lock\" \"${PODS_ROOT}/Manifest.lock\" > /dev/null\nif [ $? != 0 ] ; then\n    # print error to STDERR\n    echo \"error: The sandbox is not in sync with the Podfile.lock. Run 'pod install' or update your CocoaPods installation.\" >&2\n    exit 1\nfi\n# This output is used by Xcode 'outputs' to avoid re-running this script phase.\necho \"SUCCESS\" > \"${SCRIPT_OUTPUT_FILE_0}\"\n";
			showEnvVarsInLog = 0;
		};
		59E374072C71755A0A38285F /* [CP] Embed Pods Frameworks */ = {
			isa = PBXShellScriptBuildPhase;
			buildActionMask = 2147483647;
			files = (
			);
			inputFileListPaths = (
				"${PODS_ROOT}/Target Support Files/Pods-NoStoryBoardTwitterApp/Pods-NoStoryBoardTwitterApp-frameworks-${CONFIGURATION}-input-files.xcfilelist",
			);
			name = "[CP] Embed Pods Frameworks";
			outputFileListPaths = (
				"${PODS_ROOT}/Target Support Files/Pods-NoStoryBoardTwitterApp/Pods-NoStoryBoardTwitterApp-frameworks-${CONFIGURATION}-output-files.xcfilelist",
			);
			runOnlyForDeploymentPostprocessing = 0;
			shellPath = /bin/sh;
			shellScript = "\"${PODS_ROOT}/Target Support Files/Pods-NoStoryBoardTwitterApp/Pods-NoStoryBoardTwitterApp-frameworks.sh\"\n";
			showEnvVarsInLog = 0;
		};
/* End PBXShellScriptBuildPhase section */

/* Begin PBXSourcesBuildPhase section */
		ABB981DA248AE89400AF2C88 /* Sources */ = {
			isa = PBXSourcesBuildPhase;
			buildActionMask = 2147483647;
			files = (
				ABB981E2248AE89400AF2C88 /* AppDelegate.swift in Sources */,
				ABB981E4248AE89400AF2C88 /* SceneDelegate.swift in Sources */,
				ABB981FE248AE9AF00AF2C88 /* MyTools.swift in Sources */,
				9EEA74E6188EB2FDFA7311F1 /* MainTabController.swift in Sources */,
				9EEA7A677B8A4E5362F972C3 /* FeedViewController.swift in Sources */,
				9EEA7BA905473597A79587BA /* ExploreViewController.swift in Sources */,
				9EEA780654506AE9BADCB3D2 /* NotificationViewController.swift in Sources */,
				9EEA77FA026CDC26212A8681 /* ConvoViewController.swift in Sources */,
				9EEA71556CC6137EF1338736 /* Extensions.swift in Sources */,
				9EEA7BD89A2718B61CB0E9CD /* LoginViewController.swift in Sources */,
				9EEA7923AEDFD4D9D1FD7AB8 /* RegistrationViewController.swift in Sources */,
				9EEA7B0313C84E117BFB9A8C /* Utilities.swift in Sources */,
				9EEA72AE745B3E7ED4CFD80A /* ConstantStrs.swift in Sources */,
				9EEA736541C5D9EEEDE73B27 /* DictKeys.swift in Sources */,
			);
			runOnlyForDeploymentPostprocessing = 0;
		};
/* End PBXSourcesBuildPhase section */

/* Begin PBXVariantGroup section */
		ABB981E7248AE89400AF2C88 /* Main.storyboard */ = {
			isa = PBXVariantGroup;
			children = (
				ABB981E8248AE89400AF2C88 /* Base */,
			);
			name = Main.storyboard;
			sourceTree = "<group>";
		};
		ABB981EC248AE89600AF2C88 /* LaunchScreen.storyboard */ = {
			isa = PBXVariantGroup;
			children = (
				ABB981ED248AE89600AF2C88 /* Base */,
			);
			name = LaunchScreen.storyboard;
			sourceTree = "<group>";
		};
/* End PBXVariantGroup section */

/* Begin XCBuildConfiguration section */
		ABB981F0248AE89600AF2C88 /* Debug */ = {
			isa = XCBuildConfiguration;
			buildSettings = {
				ALWAYS_SEARCH_USER_PATHS = NO;
				CLANG_ANALYZER_NONNULL = YES;
				CLANG_ANALYZER_NUMBER_OBJECT_CONVERSION = YES_AGGRESSIVE;
				CLANG_CXX_LANGUAGE_STANDARD = "gnu++14";
				CLANG_CXX_LIBRARY = "libc++";
				CLANG_ENABLE_MODULES = YES;
				CLANG_ENABLE_OBJC_ARC = YES;
				CLANG_ENABLE_OBJC_WEAK = YES;
				CLANG_WARN_BLOCK_CAPTURE_AUTORELEASING = YES;
				CLANG_WARN_BOOL_CONVERSION = YES;
				CLANG_WARN_COMMA = YES;
				CLANG_WARN_CONSTANT_CONVERSION = YES;
				CLANG_WARN_DEPRECATED_OBJC_IMPLEMENTATIONS = YES;
				CLANG_WARN_DIRECT_OBJC_ISA_USAGE = YES_ERROR;
				CLANG_WARN_DOCUMENTATION_COMMENTS = YES;
				CLANG_WARN_EMPTY_BODY = YES;
				CLANG_WARN_ENUM_CONVERSION = YES;
				CLANG_WARN_INFINITE_RECURSION = YES;
				CLANG_WARN_INT_CONVERSION = YES;
				CLANG_WARN_NON_LITERAL_NULL_CONVERSION = YES;
				CLANG_WARN_OBJC_IMPLICIT_RETAIN_SELF = YES;
				CLANG_WARN_OBJC_LITERAL_CONVERSION = YES;
				CLANG_WARN_OBJC_ROOT_CLASS = YES_ERROR;
				CLANG_WARN_RANGE_LOOP_ANALYSIS = YES;
				CLANG_WARN_STRICT_PROTOTYPES = YES;
				CLANG_WARN_SUSPICIOUS_MOVE = YES;
				CLANG_WARN_UNGUARDED_AVAILABILITY = YES_AGGRESSIVE;
				CLANG_WARN_UNREACHABLE_CODE = YES;
				CLANG_WARN__DUPLICATE_METHOD_MATCH = YES;
				COPY_PHASE_STRIP = NO;
				DEBUG_INFORMATION_FORMAT = dwarf;
				ENABLE_STRICT_OBJC_MSGSEND = YES;
				ENABLE_TESTABILITY = YES;
				GCC_C_LANGUAGE_STANDARD = gnu11;
				GCC_DYNAMIC_NO_PIC = NO;
				GCC_NO_COMMON_BLOCKS = YES;
				GCC_OPTIMIZATION_LEVEL = 0;
				GCC_PREPROCESSOR_DEFINITIONS = (
					"DEBUG=1",
					"$(inherited)",
				);
				GCC_WARN_64_TO_32_BIT_CONVERSION = YES;
				GCC_WARN_ABOUT_RETURN_TYPE = YES_ERROR;
				GCC_WARN_UNDECLARED_SELECTOR = YES;
				GCC_WARN_UNINITIALIZED_AUTOS = YES_AGGRESSIVE;
				GCC_WARN_UNUSED_FUNCTION = YES;
				GCC_WARN_UNUSED_VARIABLE = YES;
				IPHONEOS_DEPLOYMENT_TARGET = 13.5;
				MTL_ENABLE_DEBUG_INFO = INCLUDE_SOURCE;
				MTL_FAST_MATH = YES;
				ONLY_ACTIVE_ARCH = YES;
				SDKROOT = iphoneos;
				SWIFT_ACTIVE_COMPILATION_CONDITIONS = DEBUG;
				SWIFT_OPTIMIZATION_LEVEL = "-Onone";
			};
			name = Debug;
		};
		ABB981F1248AE89600AF2C88 /* Release */ = {
			isa = XCBuildConfiguration;
			buildSettings = {
				ALWAYS_SEARCH_USER_PATHS = NO;
				CLANG_ANALYZER_NONNULL = YES;
				CLANG_ANALYZER_NUMBER_OBJECT_CONVERSION = YES_AGGRESSIVE;
				CLANG_CXX_LANGUAGE_STANDARD = "gnu++14";
				CLANG_CXX_LIBRARY = "libc++";
				CLANG_ENABLE_MODULES = YES;
				CLANG_ENABLE_OBJC_ARC = YES;
				CLANG_ENABLE_OBJC_WEAK = YES;
				CLANG_WARN_BLOCK_CAPTURE_AUTORELEASING = YES;
				CLANG_WARN_BOOL_CONVERSION = YES;
				CLANG_WARN_COMMA = YES;
				CLANG_WARN_CONSTANT_CONVERSION = YES;
				CLANG_WARN_DEPRECATED_OBJC_IMPLEMENTATIONS = YES;
				CLANG_WARN_DIRECT_OBJC_ISA_USAGE = YES_ERROR;
				CLANG_WARN_DOCUMENTATION_COMMENTS = YES;
				CLANG_WARN_EMPTY_BODY = YES;
				CLANG_WARN_ENUM_CONVERSION = YES;
				CLANG_WARN_INFINITE_RECURSION = YES;
				CLANG_WARN_INT_CONVERSION = YES;
				CLANG_WARN_NON_LITERAL_NULL_CONVERSION = YES;
				CLANG_WARN_OBJC_IMPLICIT_RETAIN_SELF = YES;
				CLANG_WARN_OBJC_LITERAL_CONVERSION = YES;
				CLANG_WARN_OBJC_ROOT_CLASS = YES_ERROR;
				CLANG_WARN_RANGE_LOOP_ANALYSIS = YES;
				CLANG_WARN_STRICT_PROTOTYPES = YES;
				CLANG_WARN_SUSPICIOUS_MOVE = YES;
				CLANG_WARN_UNGUARDED_AVAILABILITY = YES_AGGRESSIVE;
				CLANG_WARN_UNREACHABLE_CODE = YES;
				CLANG_WARN__DUPLICATE_METHOD_MATCH = YES;
				COPY_PHASE_STRIP = NO;
				DEBUG_INFORMATION_FORMAT = "dwarf-with-dsym";
				ENABLE_NS_ASSERTIONS = NO;
				ENABLE_STRICT_OBJC_MSGSEND = YES;
				GCC_C_LANGUAGE_STANDARD = gnu11;
				GCC_NO_COMMON_BLOCKS = YES;
				GCC_WARN_64_TO_32_BIT_CONVERSION = YES;
				GCC_WARN_ABOUT_RETURN_TYPE = YES_ERROR;
				GCC_WARN_UNDECLARED_SELECTOR = YES;
				GCC_WARN_UNINITIALIZED_AUTOS = YES_AGGRESSIVE;
				GCC_WARN_UNUSED_FUNCTION = YES;
				GCC_WARN_UNUSED_VARIABLE = YES;
				IPHONEOS_DEPLOYMENT_TARGET = 13.5;
				MTL_ENABLE_DEBUG_INFO = NO;
				MTL_FAST_MATH = YES;
				SDKROOT = iphoneos;
				SWIFT_COMPILATION_MODE = wholemodule;
				SWIFT_OPTIMIZATION_LEVEL = "-O";
				VALIDATE_PRODUCT = YES;
			};
			name = Release;
		};
		ABB981F3248AE89600AF2C88 /* Debug */ = {
			isa = XCBuildConfiguration;
			baseConfigurationReference = 6244A41D6F810C57040F3152 /* Pods-NoStoryBoardTwitterApp.debug.xcconfig */;
			buildSettings = {
				ASSETCATALOG_COMPILER_APPICON_NAME = AppIcon;
				CODE_SIGN_STYLE = Automatic;
				DEVELOPMENT_TEAM = 8R94WS9HFC;
				INFOPLIST_FILE = NoStoryBoardTwitterApp/Res/Info.plist;
				LD_RUNPATH_SEARCH_PATHS = (
					"$(inherited)",
					"@executable_path/Frameworks",
				);
				PRODUCT_BUNDLE_IDENTIFIER = me.jose.NoStoryBoardTwitterApp;
				PRODUCT_NAME = "$(TARGET_NAME)";
				SWIFT_VERSION = 5.0;
				TARGETED_DEVICE_FAMILY = "1,2";
			};
			name = Debug;
		};
		ABB981F4248AE89600AF2C88 /* Release */ = {
			isa = XCBuildConfiguration;
			baseConfigurationReference = 4F152B533CF300042934D4F7 /* Pods-NoStoryBoardTwitterApp.release.xcconfig */;
			buildSettings = {
				ASSETCATALOG_COMPILER_APPICON_NAME = AppIcon;
				CODE_SIGN_STYLE = Automatic;
				DEVELOPMENT_TEAM = 8R94WS9HFC;
				INFOPLIST_FILE = NoStoryBoardTwitterApp/Res/Info.plist;
				LD_RUNPATH_SEARCH_PATHS = (
					"$(inherited)",
					"@executable_path/Frameworks",
				);
				PRODUCT_BUNDLE_IDENTIFIER = me.jose.NoStoryBoardTwitterApp;
				PRODUCT_NAME = "$(TARGET_NAME)";
				SWIFT_VERSION = 5.0;
				TARGETED_DEVICE_FAMILY = "1,2";
			};
			name = Release;
		};
/* End XCBuildConfiguration section */

/* Begin XCConfigurationList section */
		ABB981D9248AE89400AF2C88 /* Build configuration list for PBXProject "NoStoryBoardTwitterApp" */ = {
			isa = XCConfigurationList;
			buildConfigurations = (
				ABB981F0248AE89600AF2C88 /* Debug */,
				ABB981F1248AE89600AF2C88 /* Release */,
			);
			defaultConfigurationIsVisible = 0;
			defaultConfigurationName = Release;
		};
		ABB981F2248AE89600AF2C88 /* Build configuration list for PBXNativeTarget "NoStoryBoardTwitterApp" */ = {
			isa = XCConfigurationList;
			buildConfigurations = (
				ABB981F3248AE89600AF2C88 /* Debug */,
				ABB981F4248AE89600AF2C88 /* Release */,
			);
			defaultConfigurationIsVisible = 0;
			defaultConfigurationName = Release;
		};
/* End XCConfigurationList section */
	};
	rootObject = ABB981D6248AE89400AF2C88 /* Project object */;
}
