<?xml version="1.0" encoding="UTF-8"?>
<Scheme
   version = "1.3">
   <BuildAction>
      <BuildActionEntries>
         <BuildActionEntry
            buildForRunning = "YES">
            <BuildableReference
               BuildableIdentifier = "primary"
               BlueprintIdentifier = "ABB981DD248AE89400AF2C88"
               BuildableName = "NoStoryBoardTwitterApp.app"
               BlueprintName = "NoStoryBoardTwitterApp"
               ReferencedContainer = "container:NoStoryBoardTwitterApp.xcodeproj">
            </BuildableReference>
         </BuildActionEntry>
      </BuildActionEntries>
   </BuildAction>
   <LaunchAction
      useCustomWorkingDirectory = "NO"
      buildConfiguration = "Debug"
      allowLocationSimulation = "YES">
      <BuildableProductRunnable>
         <BuildableReference
            BuildableIdentifier = "primary"
            BlueprintIdentifier = "ABB981DD248AE89400AF2C88"
            BuildableName = "NoStoryBoardTwitterApp.app"
            BlueprintName = "NoStoryBoardTwitterApp"
            ReferencedContainer = "container:NoStoryBoardTwitterApp.xcodeproj">
         </BuildableReference>
      </BuildableProductRunnable>
   </LaunchAction>
</Scheme>
